
Microsoft Visual Studio Solution File, Format Version 12.00
# Visual Studio Version 17
VisualStudioVersion = 17.0.31912.275
MinimumVisualStudioVersion = 10.0.40219.1
Project("{FAE04EC0-301F-11D3-BF4B-00C04F79EFBC}") = "BaiTap3_61134177", "BaiTap3_61134177\BaiTap3_61134177.csproj", "{495081DD-DA84-4722-8635-81F157C6276F}"
EndProject
Global
	GlobalSection(SolutionConfigurationPlatforms) = preSolution
		Debug|Any CPU = Debug|Any CPU
		Release|Any CPU = Release|Any CPU
	EndGlobalSection
	GlobalSection(ProjectConfigurationPlatforms) = postSolution
		{495081DD-DA84-4722-8635-81F157C6276F}.Debug|Any CPU.ActiveCfg = Debug|Any CPU
		{495081DD-DA84-4722-8635-81F157C6276F}.Debug|Any CPU.Build.0 = Debug|Any CPU
		{495081DD-DA84-4722-8635-81F157C6276F}.Release|Any CPU.ActiveCfg = Release|Any CPU
		{495081DD-DA84-4722-8635-81F157C6276F}.Release|Any CPU.Build.0 = Release|Any CPU
	EndGlobalSection
	GlobalSection(SolutionProperties) = preSolution
		HideSolutionNode = FALSE
	EndGlobalSection
	GlobalSection(ExtensibilityGlobals) = postSolution
		SolutionGuid = {1C6634ED-5A52-4A24-931A-382F0DB6ADA4}
	EndGlobalSection
EndGlobal
